
Microsoft Visual Studio Solution File, Format Version 12.00
# Visual Studio Version 16
VisualStudioVersion = 16.0.31112.23
MinimumVisualStudioVersion = 10.0.40219.1
Project("{FAE04EC0-301F-11D3-BF4B-00C04F79EFBC}") = "MegaMarketing2Reborn", "MegaMarketing2Reborn.csproj", "{0B9BD21E-B3B1-4BA6-83DA-C224890E1375}"
EndProject
Project("{FAE04EC0-301F-11D3-BF4B-00C04F79EFBC}") = "MegaMarketingWebApp", "..\MegaMarketingWebApp\MegaMarketingWebApp.csproj", "{6DF95232-B604-405F-9C01-D8D8DC3F36A8}"
EndProject
Global
	GlobalSection(SolutionConfigurationPlatforms) = preSolution
		Debug|Any CPU = Debug|Any CPU
		Release|Any CPU = Release|Any CPU
	EndGlobalSection
	GlobalSection(ProjectConfigurationPlatforms) = postSolution
		{0B9BD21E-B3B1-4BA6-83DA-C224890E1375}.Debug|Any CPU.ActiveCfg = Debug|Any CPU
		{0B9BD21E-B3B1-4BA6-83DA-C224890E1375}.Debug|Any CPU.Build.0 = Debug|Any CPU
		{0B9BD21E-B3B1-4BA6-83DA-C224890E1375}.Release|Any CPU.ActiveCfg = Release|Any CPU
		{0B9BD21E-B3B1-4BA6-83DA-C224890E1375}.Release|Any CPU.Build.0 = Release|Any CPU
		{6DF95232-B604-405F-9C01-D8D8DC3F36A8}.Debug|Any CPU.ActiveCfg = Debug|Any CPU
		{6DF95232-B604-405F-9C01-D8D8DC3F36A8}.Debug|Any CPU.Build.0 = Debug|Any CPU
		{6DF95232-B604-405F-9C01-D8D8DC3F36A8}.Release|Any CPU.ActiveCfg = Release|Any CPU
		{6DF95232-B604-405F-9C01-D8D8DC3F36A8}.Release|Any CPU.Build.0 = Release|Any CPU
	EndGlobalSection
	GlobalSection(SolutionProperties) = preSolution
		HideSolutionNode = FALSE
	EndGlobalSection
	GlobalSection(ExtensibilityGlobals) = postSolution
		SolutionGuid = {A125B88F-0A80-4A8D-822C-3AFE27876F52}
	EndGlobalSection
EndGlobal
